
Microsoft Visual Studio Solution File, Format Version 12.00
# Visual Studio Version 17
VisualStudioVersion = 17.9.34902.65
MinimumVisualStudioVersion = 10.0.40219.1
Project("{FAE04EC0-301F-11D3-BF4B-00C04F79EFBC}") = "PAMC-104", "PAMC-104\PAMC-104.csproj", "{F88A1C8F-96C1-4ED8-8F0C-E14BE64096BF}"
EndProject
Global
	GlobalSection(SolutionConfigurationPlatforms) = preSolution
		Debug|Any CPU = Debug|Any CPU
		Release|Any CPU = Release|Any CPU
	EndGlobalSection
	GlobalSection(ProjectConfigurationPlatforms) = postSolution
		{F88A1C8F-96C1-4ED8-8F0C-E14BE64096BF}.Debug|Any CPU.ActiveCfg = Debug|Any CPU
		{F88A1C8F-96C1-4ED8-8F0C-E14BE64096BF}.Debug|Any CPU.Build.0 = Debug|Any CPU
		{F88A1C8F-96C1-4ED8-8F0C-E14BE64096BF}.Release|Any CPU.ActiveCfg = Release|Any CPU
		{F88A1C8F-96C1-4ED8-8F0C-E14BE64096BF}.Release|Any CPU.Build.0 = Release|Any CPU
	EndGlobalSection
	GlobalSection(SolutionProperties) = preSolution
		HideSolutionNode = FALSE
	EndGlobalSection
	GlobalSection(ExtensibilityGlobals) = postSolution
		SolutionGuid = {46B5324B-DA60-407D-A607-92B5DD5DA227}
	EndGlobalSection
EndGlobal
